// !$*UTF8*$!
{
	archiveVersion = 1;
	classes = {
	};
	objectVersion = 46;
	objects = {

/* Begin PBXBuildFile section */
		22F0EBBA1D1AAAEF00FBC40F /* main.m in Sources */ = {isa = PBXBuildFile; fileRef = 22F0EBB91D1AAAEF00FBC40F /* main.m */; };
		22F0EBBD1D1AAAEF00FBC40F /* AppDelegate.m in Sources */ = {isa = PBXBuildFile; fileRef = 22F0EBBC1D1AAAEF00FBC40F /* AppDelegate.m */; };
		22F0EBC01D1AAAEF00FBC40F /* ViewController.m in Sources */ = {isa = PBXBuildFile; fileRef = 22F0EBBF1D1AAAEF00FBC40F /* ViewController.m */; };
		22F0EBC31D1AAAEF00FBC40F /* Main.storyboard in Resources */ = {isa = PBXBuildFile; fileRef = 22F0EBC11D1AAAEF00FBC40F /* Main.storyboard */; };
		22F0EBC61D1AAAEF00FBC40F /* Toast.xcdatamodeld in Sources */ = {isa = PBXBuildFile; fileRef = 22F0EBC41D1AAAEF00FBC40F /* Toast.xcdatamodeld */; };
		22F0EBC81D1AAAEF00FBC40F /* Assets.xcassets in Resources */ = {isa = PBXBuildFile; fileRef = 22F0EBC71D1AAAEF00FBC40F /* Assets.xcassets */; };
		22F0EBCB1D1AAAEF00FBC40F /* LaunchScreen.storyboard in Resources */ = {isa = PBXBuildFile; fileRef = 22F0EBC91D1AAAEF00FBC40F /* LaunchScreen.storyboard */; };
		22F0EBD61D1AAAEF00FBC40F /* ToastTests.m in Sources */ = {isa = PBXBuildFile; fileRef = 22F0EBD51D1AAAEF00FBC40F /* ToastTests.m */; };
		22F0EBE11D1AAAF000FBC40F /* ToastUITests.m in Sources */ = {isa = PBXBuildFile; fileRef = 22F0EBE01D1AAAF000FBC40F /* ToastUITests.m */; };
		22F0EBF01D1AAB4300FBC40F /* Toast.m in Sources */ = {isa = PBXBuildFile; fileRef = 22F0EBEF1D1AAB4300FBC40F /* Toast.m */; };
/* End PBXBuildFile section */

/* Begin PBXContainerItemProxy section */
		22F0EBD21D1AAAEF00FBC40F /* PBXContainerItemProxy */ = {
			isa = PBXContainerItemProxy;
			containerPortal = 22F0EBAD1D1AAAEF00FBC40F /* Project object */;
			proxyType = 1;
			remoteGlobalIDString = 22F0EBB41D1AAAEF00FBC40F;
			remoteInfo = Toast;
		};
		22F0EBDD1D1AAAF000FBC40F /* PBXContainerItemProxy */ = {
			isa = PBXContainerItemProxy;
			containerPortal = 22F0EBAD1D1AAAEF00FBC40F /* Project object */;
			proxyType = 1;
			remoteGlobalIDString = 22F0EBB41D1AAAEF00FBC40F;
			remoteInfo = Toast;
		};
/* End PBXContainerItemProxy section */

/* Begin PBXFileReference section */
		22F0EBB51D1AAAEF00FBC40F /* Toast.app */ = {isa = PBXFileReference; explicitFileType = wrapper.application; includeInIndex = 0; path = Toast.app; sourceTree = BUILT_PRODUCTS_DIR; };
		22F0EBB91D1AAAEF00FBC40F /* main.m */ = {isa = PBXFileReference; lastKnownFileType = sourcecode.c.objc; path = main.m; sourceTree = "<group>"; };
		22F0EBBB1D1AAAEF00FBC40F /* AppDelegate.h */ = {isa = PBXFileReference; lastKnownFileType = sourcecode.c.h; path = AppDelegate.h; sourceTree = "<group>"; };
		22F0EBBC1D1AAAEF00FBC40F /* AppDelegate.m */ = {isa = PBXFileReference; lastKnownFileType = sourcecode.c.objc; path = AppDelegate.m; sourceTree = "<group>"; };
		22F0EBBE1D1AAAEF00FBC40F /* ViewController.h */ = {isa = PBXFileReference; lastKnownFileType = sourcecode.c.h; path = ViewController.h; sourceTree = "<group>"; };
		22F0EBBF1D1AAAEF00FBC40F /* ViewController.m */ = {isa = PBXFileReference; lastKnownFileType = sourcecode.c.objc; path = ViewController.m; sourceTree = "<group>"; };
		22F0EBC21D1AAAEF00FBC40F /* Base */ = {isa = PBXFileReference; lastKnownFileType = file.storyboard; name = Base; path = Base.lproj/Main.storyboard; sourceTree = "<group>"; };
		22F0EBC51D1AAAEF00FBC40F /* Toast.xcdatamodel */ = {isa = PBXFileReference; lastKnownFileType = wrapper.xcdatamodel; path = Toast.xcdatamodel; sourceTree = "<group>"; };
		22F0EBC71D1AAAEF00FBC40F /* Assets.xcassets */ = {isa = PBXFileReference; lastKnownFileType = folder.assetcatalog; path = Assets.xcassets; sourceTree = "<group>"; };
		22F0EBCA1D1AAAEF00FBC40F /* Base */ = {isa = PBXFileReference; lastKnownFileType = file.storyboard; name = Base; path = Base.lproj/LaunchScreen.storyboard; sourceTree = "<group>"; };
		22F0EBCC1D1AAAEF00FBC40F /* Info.plist */ = {isa = PBXFileReference; lastKnownFileType = text.plist.xml; path = Info.plist; sourceTree = "<group>"; };
		22F0EBD11D1AAAEF00FBC40F /* ToastTests.xctest */ = {isa = PBXFileReference; explicitFileType = wrapper.cfbundle; includeInIndex = 0; path = ToastTests.xctest; sourceTree = BUILT_PRODUCTS_DIR; };
		22F0EBD51D1AAAEF00FBC40F /* ToastTests.m */ = {isa = PBXFileReference; lastKnownFileType = sourcecode.c.objc; path = ToastTests.m; sourceTree = "<group>"; };
		22F0EBD71D1AAAEF00FBC40F /* Info.plist */ = {isa = PBXFileReference; lastKnownFileType = text.plist.xml; path = Info.plist; sourceTree = "<group>"; };
		22F0EBDC1D1AAAF000FBC40F /* ToastUITests.xctest */ = {isa = PBXFileReference; explicitFileType = wrapper.cfbundle; includeInIndex = 0; path = ToastUITests.xctest; sourceTree = BUILT_PRODUCTS_DIR; };
		22F0EBE01D1AAAF000FBC40F /* ToastUITests.m */ = {isa = PBXFileReference; lastKnownFileType = sourcecode.c.objc; path = ToastUITests.m; sourceTree = "<group>"; };
		22F0EBE21D1AAAF000FBC40F /* Info.plist */ = {isa = PBXFileReference; lastKnownFileType = text.plist.xml; path = Info.plist; sourceTree = "<group>"; };
		22F0EBEE1D1AAB4300FBC40F /* Toast.h */ = {isa = PBXFileReference; fileEncoding = 4; lastKnownFileType = sourcecode.c.h; path = Toast.h; sourceTree = "<group>"; };
		22F0EBEF1D1AAB4300FBC40F /* Toast.m */ = {isa = PBXFileReference; fileEncoding = 4; lastKnownFileType = sourcecode.c.objc; path = Toast.m; sourceTree = "<group>"; };
/* End PBXFileReference section */

/* Begin PBXFrameworksBuildPhase section */
		22F0EBB21D1AAAEF00FBC40F /* Frameworks */ = {
			isa = PBXFrameworksBuildPhase;
			buildActionMask = 2147483647;
			files = (
			);
			runOnlyForDeploymentPostprocessing = 0;
		};
		22F0EBCE1D1AAAEF00FBC40F /* Frameworks */ = {
			isa = PBXFrameworksBuildPhase;
			buildActionMask = 2147483647;
			files = (
			);
			runOnlyForDeploymentPostprocessing = 0;
		};
		22F0EBD91D1AAAEF00FBC40F /* Frameworks */ = {
			isa = PBXFrameworksBuildPhase;
			buildActionMask = 2147483647;
			files = (
			);
			runOnlyForDeploymentPostprocessing = 0;
		};
/* End PBXFrameworksBuildPhase section */

/* Begin PBXGroup section */
		22F0EBAC1D1AAAEF00FBC40F = {
			isa = PBXGroup;
			children = (
				22F0EBB71D1AAAEF00FBC40F /* Toast */,
				22F0EBD41D1AAAEF00FBC40F /* ToastTests */,
				22F0EBDF1D1AAAF000FBC40F /* ToastUITests */,
				22F0EBB61D1AAAEF00FBC40F /* Products */,
			);
			sourceTree = "<group>";
		};
		22F0EBB61D1AAAEF00FBC40F /* Products */ = {
			isa = PBXGroup;
			children = (
				22F0EBB51D1AAAEF00FBC40F /* Toast.app */,
				22F0EBD11D1AAAEF00FBC40F /* ToastTests.xctest */,
				22F0EBDC1D1AAAF000FBC40F /* ToastUITests.xctest */,
			);
			name = Products;
			sourceTree = "<group>";
		};
		22F0EBB71D1AAAEF00FBC40F /* Toast */ = {
			isa = PBXGroup;
			children = (
				22F0EBF11D1ABDFD00FBC40F /* Toast */,
				22F0EBBB1D1AAAEF00FBC40F /* AppDelegate.h */,
				22F0EBBC1D1AAAEF00FBC40F /* AppDelegate.m */,
				22F0EBBE1D1AAAEF00FBC40F /* ViewController.h */,
				22F0EBBF1D1AAAEF00FBC40F /* ViewController.m */,
				22F0EBC11D1AAAEF00FBC40F /* Main.storyboard */,
				22F0EBC71D1AAAEF00FBC40F /* Assets.xcassets */,
				22F0EBC91D1AAAEF00FBC40F /* LaunchScreen.storyboard */,
				22F0EBCC1D1AAAEF00FBC40F /* Info.plist */,
				22F0EBC41D1AAAEF00FBC40F /* Toast.xcdatamodeld */,
				22F0EBB81D1AAAEF00FBC40F /* Supporting Files */,
			);
			path = Toast;
			sourceTree = "<group>";
		};
		22F0EBB81D1AAAEF00FBC40F /* Supporting Files */ = {
			isa = PBXGroup;
			children = (
				22F0EBB91D1AAAEF00FBC40F /* main.m */,
			);
			name = "Supporting Files";
			sourceTree = "<group>";
		};
		22F0EBD41D1AAAEF00FBC40F /* ToastTests */ = {
			isa = PBXGroup;
			children = (
				22F0EBD51D1AAAEF00FBC40F /* ToastTests.m */,
				22F0EBD71D1AAAEF00FBC40F /* Info.plist */,
			);
			path = ToastTests;
			sourceTree = "<group>";
		};
		22F0EBDF1D1AAAF000FBC40F /* ToastUITests */ = {
			isa = PBXGroup;
			children = (
				22F0EBE01D1AAAF000FBC40F /* ToastUITests.m */,
				22F0EBE21D1AAAF000FBC40F /* Info.plist */,
			);
			path = ToastUITests;
			sourceTree = "<group>";
		};
		22F0EBF11D1ABDFD00FBC40F /* Toast */ = {
			isa = PBXGroup;
			children = (
				22F0EBEE1D1AAB4300FBC40F /* Toast.h */,
				22F0EBEF1D1AAB4300FBC40F /* Toast.m */,
			);
			name = Toast;
			sourceTree = "<group>";
		};
/* End PBXGroup section */

/* Begin PBXNativeTarget section */
		22F0EBB41D1AAAEF00FBC40F /* Toast */ = {
			isa = PBXNativeTarget;
			buildConfigurationList = 22F0EBE51D1AAAF000FBC40F /* Build configuration list for PBXNativeTarget "Toast" */;
			buildPhases = (
				22F0EBB11D1AAAEF00FBC40F /* Sources */,
				22F0EBB21D1AAAEF00FBC40F /* Frameworks */,
				22F0EBB31D1AAAEF00FBC40F /* Resources */,
			);
			buildRules = (
			);
			dependencies = (
			);
			name = Toast;
			productName = Toast;
			productReference = 22F0EBB51D1AAAEF00FBC40F /* Toast.app */;
			productType = "com.apple.product-type.application";
		};
		22F0EBD01D1AAAEF00FBC40F /* ToastTests */ = {
			isa = PBXNativeTarget;
			buildConfigurationList = 22F0EBE81D1AAAF000FBC40F /* Build configuration list for PBXNativeTarget "ToastTests" */;
			buildPhases = (
				22F0EBCD1D1AAAEF00FBC40F /* Sources */,
				22F0EBCE1D1AAAEF00FBC40F /* Frameworks */,
				22F0EBCF1D1AAAEF00FBC40F /* Resources */,
			);
			buildRules = (
			);
			dependencies = (
				22F0EBD31D1AAAEF00FBC40F /* PBXTargetDependency */,
			);
			name = ToastTests;
			productName = ToastTests;
			productReference = 22F0EBD11D1AAAEF00FBC40F /* ToastTests.xctest */;
			productType = "com.apple.product-type.bundle.unit-test";
		};
		22F0EBDB1D1AAAEF00FBC40F /* ToastUITests */ = {
			isa = PBXNativeTarget;
			buildConfigurationList = 22F0EBEB1D1AAAF000FBC40F /* Build configuration list for PBXNativeTarget "ToastUITests" */;
			buildPhases = (
				22F0EBD81D1AAAEF00FBC40F /* Sources */,
				22F0EBD91D1AAAEF00FBC40F /* Frameworks */,
				22F0EBDA1D1AAAEF00FBC40F /* Resources */,
			);
			buildRules = (
			);
			dependencies = (
				22F0EBDE1D1AAAF000FBC40F /* PBXTargetDependency */,
			);
			name = ToastUITests;
			productName = ToastUITests;
			productReference = 22F0EBDC1D1AAAF000FBC40F /* ToastUITests.xctest */;
			productType = "com.apple.product-type.bundle.ui-testing";
		};
/* End PBXNativeTarget section */

/* Begin PBXProject section */
		22F0EBAD1D1AAAEF00FBC40F /* Project object */ = {
			isa = PBXProject;
			attributes = {
				LastUpgradeCheck = 0730;
				ORGANIZATIONNAME = "李立";
				TargetAttributes = {
					22F0EBB41D1AAAEF00FBC40F = {
						CreatedOnToolsVersion = 7.3.1;
					};
					22F0EBD01D1AAAEF00FBC40F = {
						CreatedOnToolsVersion = 7.3.1;
						TestTargetID = 22F0EBB41D1AAAEF00FBC40F;
					};
					22F0EBDB1D1AAAEF00FBC40F = {
						CreatedOnToolsVersion = 7.3.1;
						TestTargetID = 22F0EBB41D1AAAEF00FBC40F;
					};
				};
			};
			buildConfigurationList = 22F0EBB01D1AAAEF00FBC40F /* Build configuration list for PBXProject "Toast" */;
			compatibilityVersion = "Xcode 3.2";
			developmentRegion = English;
			hasScannedForEncodings = 0;
			knownRegions = (
				en,
				Base,
			);
			mainGroup = 22F0EBAC1D1AAAEF00FBC40F;
			productRefGroup = 22F0EBB61D1AAAEF00FBC40F /* Products */;
			projectDirPath = "";
			projectRoot = "";
			targets = (
				22F0EBB41D1AAAEF00FBC40F /* Toast */,
				22F0EBD01D1AAAEF00FBC40F /* ToastTests */,
				22F0EBDB1D1AAAEF00FBC40F /* ToastUITests */,
			);
		};
/* End PBXProject section */

/* Begin PBXResourcesBuildPhase section */
		22F0EBB31D1AAAEF00FBC40F /* Resources */ = {
			isa = PBXResourcesBuildPhase;
			buildActionMask = 2147483647;
			files = (
				22F0EBCB1D1AAAEF00FBC40F /* LaunchScreen.storyboard in Resources */,
				22F0EBC81D1AAAEF00FBC40F /* Assets.xcassets in Resources */,
				22F0EBC31D1AAAEF00FBC40F /* Main.storyboard in Resources */,
			);
			runOnlyForDeploymentPostprocessing = 0;
		};
		22F0EBCF1D1AAAEF00FBC40F /* Resources */ = {
			isa = PBXResourcesBuildPhase;
			buildActionMask = 2147483647;
			files = (
			);
			runOnlyForDeploymentPostprocessing = 0;
		};
		22F0EBDA1D1AAAEF00FBC40F /* Resources */ = {
			isa = PBXResourcesBuildPhase;
			buildActionMask = 2147483647;
			files = (
			);
			runOnlyForDeploymentPostprocessing = 0;
		};
/* End PBXResourcesBuildPhase section */

/* Begin PBXSourcesBuildPhase section */
		22F0EBB11D1AAAEF00FBC40F /* Sources */ = {
			isa = PBXSourcesBuildPhase;
			buildActionMask = 2147483647;
			files = (
				22F0EBF01D1AAB4300FBC40F /* Toast.m in Sources */,
				22F0EBC01D1AAAEF00FBC40F /* ViewController.m in Sources */,
				22F0EBC61D1AAAEF00FBC40F /* Toast.xcdatamodeld in Sources */,
				22F0EBBD1D1AAAEF00FBC40F /* AppDelegate.m in Sources */,
				22F0EBBA1D1AAAEF00FBC40F /* main.m in Sources */,
			);
			runOnlyForDeploymentPostprocessing = 0;
		};
		22F0EBCD1D1AAAEF00FBC40F /* Sources */ = {
			isa = PBXSourcesBuildPhase;
			buildActionMask = 2147483647;
			files = (
				22F0EBD61D1AAAEF00FBC40F /* ToastTests.m in Sources */,
			);
			runOnlyForDeploymentPostprocessing = 0;
		};
		22F0EBD81D1AAAEF00FBC40F /* Sources */ = {
			isa = PBXSourcesBuildPhase;
			buildActionMask = 2147483647;
			files = (
				22F0EBE11D1AAAF000FBC40F /* ToastUITests.m in Sources */,
			);
			runOnlyForDeploymentPostprocessing = 0;
		};
/* End PBXSourcesBuildPhase section */

/* Begin PBXTargetDependency section */
		22F0EBD31D1AAAEF00FBC40F /* PBXTargetDependency */ = {
			isa = PBXTargetDependency;
			target = 22F0EBB41D1AAAEF00FBC40F /* Toast */;
			targetProxy = 22F0EBD21D1AAAEF00FBC40F /* PBXContainerItemProxy */;
		};
		22F0EBDE1D1AAAF000FBC40F /* PBXTargetDependency */ = {
			isa = PBXTargetDependency;
			target = 22F0EBB41D1AAAEF00FBC40F /* Toast */;
			targetProxy = 22F0EBDD1D1AAAF000FBC40F /* PBXContainerItemProxy */;
		};
/* End PBXTargetDependency section */

/* Begin PBXVariantGroup section */
		22F0EBC11D1AAAEF00FBC40F /* Main.storyboard */ = {
			isa = PBXVariantGroup;
			children = (
				22F0EBC21D1AAAEF00FBC40F /* Base */,
			);
			name = Main.storyboard;
			sourceTree = "<group>";
		};
		22F0EBC91D1AAAEF00FBC40F /* LaunchScreen.storyboard */ = {
			isa = PBXVariantGroup;
			children = (
				22F0EBCA1D1AAAEF00FBC40F /* Base */,
			);
			name = LaunchScreen.storyboard;
			sourceTree = "<group>";
		};
/* End PBXVariantGroup section */

/* Begin XCBuildConfiguration section */
		22F0EBE31D1AAAF000FBC40F /* Debug */ = {
			isa = XCBuildConfiguration;
			buildSettings = {
				ALWAYS_SEARCH_USER_PATHS = NO;
				CLANG_ANALYZER_NONNULL = YES;
				CLANG_CXX_LANGUAGE_STANDARD = "gnu++0x";
				CLANG_CXX_LIBRARY = "libc++";
				CLANG_ENABLE_MODULES = YES;
				CLANG_ENABLE_OBJC_ARC = YES;
				CLANG_WARN_BOOL_CONVERSION = YES;
				CLANG_WARN_CONSTANT_CONVERSION = YES;
				CLANG_WARN_DIRECT_OBJC_ISA_USAGE = YES_ERROR;
				CLANG_WARN_EMPTY_BODY = YES;
				CLANG_WARN_ENUM_CONVERSION = YES;
				CLANG_WARN_INT_CONVERSION = YES;
				CLANG_WARN_OBJC_ROOT_CLASS = YES_ERROR;
				CLANG_WARN_UNREACHABLE_CODE = YES;
				CLANG_WARN__DUPLICATE_METHOD_MATCH = YES;
				"CODE_SIGN_IDENTITY[sdk=iphoneos*]" = "iPhone Developer";
				COPY_PHASE_STRIP = NO;
				DEBUG_INFORMATION_FORMAT = dwarf;
				ENABLE_STRICT_OBJC_MSGSEND = YES;
				ENABLE_TESTABILITY = YES;
				GCC_C_LANGUAGE_STANDARD = gnu99;
				GCC_DYNAMIC_NO_PIC = NO;
				GCC_NO_COMMON_BLOCKS = YES;
				GCC_OPTIMIZATION_LEVEL = 0;
				GCC_PREPROCESSOR_DEFINITIONS = (
					"DEBUG=1",
					"$(inherited)",
				);
				GCC_WARN_64_TO_32_BIT_CONVERSION = YES;
				GCC_WARN_ABOUT_RETURN_TYPE = YES_ERROR;
				GCC_WARN_UNDECLARED_SELECTOR = YES;
				GCC_WARN_UNINITIALIZED_AUTOS = YES_AGGRESSIVE;
				GCC_WARN_UNUSED_FUNCTION = YES;
				GCC_WARN_UNUSED_VARIABLE = YES;
				IPHONEOS_DEPLOYMENT_TARGET = 9.3;
				MTL_ENABLE_DEBUG_INFO = YES;
				ONLY_ACTIVE_ARCH = YES;
				SDKROOT = iphoneos;
				TARGETED_DEVICE_FAMILY = "1,2";
			};
			name = Debug;
		};
		22F0EBE41D1AAAF000FBC40F /* Release */ = {
			isa = XCBuildConfiguration;
			buildSettings = {
				ALWAYS_SEARCH_USER_PATHS = NO;
				CLANG_ANALYZER_NONNULL = YES;
				CLANG_CXX_LANGUAGE_STANDARD = "gnu++0x";
				CLANG_CXX_LIBRARY = "libc++";
				CLANG_ENABLE_MODULES = YES;
				CLANG_ENABLE_OBJC_ARC = YES;
				CLANG_WARN_BOOL_CONVERSION = YES;
				CLANG_WARN_CONSTANT_CONVERSION = YES;
				CLANG_WARN_DIRECT_OBJC_ISA_USAGE = YES_ERROR;
				CLANG_WARN_EMPTY_BODY = YES;
				CLANG_WARN_ENUM_CONVERSION = YES;
				CLANG_WARN_INT_CONVERSION = YES;
				CLANG_WARN_OBJC_ROOT_CLASS = YES_ERROR;
				CLANG_WARN_UNREACHABLE_CODE = YES;
				CLANG_WARN__DUPLICATE_METHOD_MATCH = YES;
				"CODE_SIGN_IDENTITY[sdk=iphoneos*]" = "iPhone Developer";
				COPY_PHASE_STRIP = NO;
				DEBUG_INFORMATION_FORMAT = "dwarf-with-dsym";
				ENABLE_NS_ASSERTIONS = NO;
				ENABLE_STRICT_OBJC_MSGSEND = YES;
				GCC_C_LANGUAGE_STANDARD = gnu99;
				GCC_NO_COMMON_BLOCKS = YES;
				GCC_WARN_64_TO_32_BIT_CONVERSION = YES;
				GCC_WARN_ABOUT_RETURN_TYPE = YES_ERROR;
				GCC_WARN_UNDECLARED_SELECTOR = YES;
				GCC_WARN_UNINITIALIZED_AUTOS = YES_AGGRESSIVE;
				GCC_WARN_UNUSED_FUNCTION = YES;
				GCC_WARN_UNUSED_VARIABLE = YES;
				IPHONEOS_DEPLOYMENT_TARGET = 9.3;
				MTL_ENABLE_DEBUG_INFO = NO;
				SDKROOT = iphoneos;
				TARGETED_DEVICE_FAMILY = "1,2";
				VALIDATE_PRODUCT = YES;
			};
			name = Release;
		};
		22F0EBE61D1AAAF000FBC40F /* Debug */ = {
			isa = XCBuildConfiguration;
			buildSettings = {
				ASSETCATALOG_COMPILER_APPICON_NAME = AppIcon;
				INFOPLIST_FILE = Toast/Info.plist;
				IPHONEOS_DEPLOYMENT_TARGET = 8.0;
				LD_RUNPATH_SEARCH_PATHS = "$(inherited) @executable_path/Frameworks";
				PRODUCT_BUNDLE_IDENTIFIER = com.Lili.Toast;
				PRODUCT_NAME = "$(TARGET_NAME)";
			};
			name = Debug;
		};
		22F0EBE71D1AAAF000FBC40F /* Release */ = {
			isa = XCBuildConfiguration;
			buildSettings = {
				ASSETCATALOG_COMPILER_APPICON_NAME = AppIcon;
				INFOPLIST_FILE = Toast/Info.plist;
				IPHONEOS_DEPLOYMENT_TARGET = 8.0;
				LD_RUNPATH_SEARCH_PATHS = "$(inherited) @executable_path/Frameworks";
				PRODUCT_BUNDLE_IDENTIFIER = com.Lili.Toast;
				PRODUCT_NAME = "$(TARGET_NAME)";
			};
			name = Release;
		};
		22F0EBE91D1AAAF000FBC40F /* Debug */ = {
			isa = XCBuildConfiguration;
			buildSettings = {
				BUNDLE_LOADER = "$(TEST_HOST)";
				INFOPLIST_FILE = ToastTests/Info.plist;
				LD_RUNPATH_SEARCH_PATHS = "$(inherited) @executable_path/Frameworks @loader_path/Frameworks";
				PRODUCT_BUNDLE_IDENTIFIER = com.Lili.ToastTests;
				PRODUCT_NAME = "$(TARGET_NAME)";
				TEST_HOST = "$(BUILT_PRODUCTS_DIR)/Toast.app/Toast";
			};
			name = Debug;
		};
		22F0EBEA1D1AAAF000FBC40F /* Release */ = {
			isa = XCBuildConfiguration;
			buildSettings = {
				BUNDLE_LOADER = "$(TEST_HOST)";
				INFOPLIST_FILE = ToastTests/Info.plist;
				LD_RUNPATH_SEARCH_PATHS = "$(inherited) @executable_path/Frameworks @loader_path/Frameworks";
				PRODUCT_BUNDLE_IDENTIFIER = com.Lili.ToastTests;
				PRODUCT_NAME = "$(TARGET_NAME)";
				TEST_HOST = "$(BUILT_PRODUCTS_DIR)/Toast.app/Toast";
			};
			name = Release;
		};
		22F0EBEC1D1AAAF000FBC40F /* Debug */ = {
			isa = XCBuildConfiguration;
			buildSettings = {
				INFOPLIST_FILE = ToastUITests/Info.plist;
				LD_RUNPATH_SEARCH_PATHS = "$(inherited) @executable_path/Frameworks @loader_path/Frameworks";
				PRODUCT_BUNDLE_IDENTIFIER = com.Lili.ToastUITests;
				PRODUCT_NAME = "$(TARGET_NAME)";
				TEST_TARGET_NAME = Toast;
			};
			name = Debug;
		};
		22F0EBED1D1AAAF000FBC40F /* Release */ = {
			isa = XCBuildConfiguration;
			buildSettings = {
				INFOPLIST_FILE = ToastUITests/Info.plist;
				LD_RUNPATH_SEARCH_PATHS = "$(inherited) @executable_path/Frameworks @loader_path/Frameworks";
				PRODUCT_BUNDLE_IDENTIFIER = com.Lili.ToastUITests;
				PRODUCT_NAME = "$(TARGET_NAME)";
				TEST_TARGET_NAME = Toast;
			};
			name = Release;
		};
/* End XCBuildConfiguration section */

/* Begin XCConfigurationList section */
		22F0EBB01D1AAAEF00FBC40F /* Build configuration list for PBXProject "Toast" */ = {
			isa = XCConfigurationList;
			buildConfigurations = (
				22F0EBE31D1AAAF000FBC40F /* Debug */,
				22F0EBE41D1AAAF000FBC40F /* Release */,
			);
			defaultConfigurationIsVisible = 0;
			defaultConfigurationName = Release;
		};
		22F0EBE51D1AAAF000FBC40F /* Build configuration list for PBXNativeTarget "Toast" */ = {
			isa = XCConfigurationList;
			buildConfigurations = (
				22F0EBE61D1AAAF000FBC40F /* Debug */,
				22F0EBE71D1AAAF000FBC40F /* Release */,
			);
			defaultConfigurationIsVisible = 0;
		};
		22F0EBE81D1AAAF000FBC40F /* Build configuration list for PBXNativeTarget "ToastTests" */ = {
			isa = XCConfigurationList;
			buildConfigurations = (
				22F0EBE91D1AAAF000FBC40F /* Debug */,
				22F0EBEA1D1AAAF000FBC40F /* Release */,
			);
			defaultConfigurationIsVisible = 0;
		};
		22F0EBEB1D1AAAF000FBC40F /* Build configuration list for PBXNativeTarget "ToastUITests" */ = {
			isa = XCConfigurationList;
			buildConfigurations = (
				22F0EBEC1D1AAAF000FBC40F /* Debug */,
				22F0EBED1D1AAAF000FBC40F /* Release */,
			);
			defaultConfigurationIsVisible = 0;
		};
/* End XCConfigurationList section */

/* Begin XCVersionGroup section */
		22F0EBC41D1AAAEF00FBC40F /* Toast.xcdatamodeld */ = {
			isa = XCVersionGroup;
			children = (
				22F0EBC51D1AAAEF00FBC40F /* Toast.xcdatamodel */,
			);
			currentVersion = 22F0EBC51D1AAAEF00FBC40F /* Toast.xcdatamodel */;
			path = Toast.xcdatamodeld;
			sourceTree = "<group>";
			versionGroupType = wrapper.xcdatamodel;
		};
/* End XCVersionGroup section */
	};
	rootObject = 22F0EBAD1D1AAAEF00FBC40F /* Project object */;
}
